# THIS IS AN AUTOGENERATED FILE. DO NOT EDIT THIS FILE DIRECTLY.
# yarn lockfile v1


"@tokenizer/token@^0.1.0", "@tokenizer/token@^0.1.1":
  version "0.1.1"
  resolved "https://registry.npmjs.org/@tokenizer/token/-/token-0.1.1.tgz#f0d92c12f87079ddfd1b29f614758b9696bc29e3"
  integrity sha512-XO6INPbZCxdprl+9qa/AAbFFOMzzwqYxpjPgLICrMD6C2FCw6qfJOPcBk6JqqPLSaZ/Qx87qn4rpPmPMwaAK6w==

"@types/debug@^4.1.5":
  version "4.1.5"
  resolved "https://registry.npmjs.org/@types/debug/-/debug-4.1.5.tgz#b14efa8852b7768d898906613c23f688713e02cd"
  integrity sha512-Q1y515GcOdTHgagaVFhHnIFQ38ygs/kmxdNpvpou+raI9UO3YZcHDngBSYKQklcKlvA7iuQlmIKbzvmxcOE9CQ==

"@types/joi@^14.3.4":
  version "14.3.4"
  resolved "https://registry.npmjs.org/@types/joi/-/joi-14.3.4.tgz#eed1e14cbb07716079c814138831a520a725a1e0"
  integrity sha512-1TQNDJvIKlgYXGNIABfgFp9y0FziDpuGrd799Q5RcnsDu+krD+eeW/0Fs5PHARvWWFelOhIG2OPCo6KbadBM4A==

"@types/node@^13.9.2":
  version "13.9.2"
  resolved "https://registry.npmjs.org/@types/node/-/node-13.9.2.tgz#ace1880c03594cc3e80206d96847157d8e7fa349"
  integrity sha512-bnoqK579sAYrQbp73wwglccjJ4sfRdKU7WNEZ5FW4K2U6Kc0/eZ5kvXG0JKsEKFB50zrFmfFt52/cvBbZa7eXg==

arg@^4.1.0:
  version "4.1.3"
  resolved "https://registry.npmjs.org/arg/-/arg-4.1.3.tgz#269fc7ad5b8e42cb63c896d5666017261c144089"
  integrity sha512-58S9QDqG0Xx27YwPSt9fJxivjYl432YCwfDMfZ+71RAqUrZef7LrKQZ3LHLOwCS4FLNBplP533Zx895SeOCHvA==

arraybuffer-to-string@^1.0.2:
  version "1.0.2"
  resolved "https://registry.npmjs.org/arraybuffer-to-string/-/arraybuffer-to-string-1.0.2.tgz#c373aa7bb0e6844d9a2bc9654c8889a9570a26e2"
  integrity sha512-WbIYlLVmvIAyUBdQRRuyGOJRriOQy9OAsWcyURmsRQp9+g647hdMSS2VFKXbJLVw0daUu06hqwLXm9etVrXI9A==

buffer-from@^1.0.0:
  version "1.1.1"
  resolved "https://registry.npmjs.org/buffer-from/-/buffer-from-1.1.1.tgz#32713bc028f75c02fdb710d7c7bcec1f2c6070ef"
  integrity sha512-MQcXEUbCKtEo7bhqEs6560Hyd4XaovZlO/k9V3hjVUF/zwW7KBVdSK4gIt/bzwS9MbR5qob+F5jusZsb0YQK2A==

debug@^4.1.1:
  version "4.3.4"
  resolved "https://registry.yarnpkg.com/debug/-/debug-4.3.4.tgz#1319f6579357f2338d3337d2cdd4914bb5dcc865"
  integrity sha512-PRWFHuSU3eDtQJPvnNY7Jcket1j0t5OuOsFzPPzsekD52Zl8qUfFIPEiswXqIvHWGVHOgX+7G/vCNNhehwxfkQ==
  dependencies:
    ms "2.1.2"

diff@^4.0.1:
  version "4.0.2"
  resolved "https://registry.npmjs.org/diff/-/diff-4.0.2.tgz#60f3aecb89d5fae520c11aa19efc2bb982aade7d"
  integrity sha512-58lmxKSA4BNyLz+HHMUzlOEpg09FV+ev6ZMe3vJihgdxzgcwZ8VoEEPmALCZG9LmqfVoNMMKpttIYTVG6uDY7A==

file-type@^14.1.4:
  version "14.1.4"
  resolved "https://registry.npmjs.org/file-type/-/file-type-14.1.4.tgz#3ac109f2ea9e8f5573d000ec0c6bcdff07fd46de"
  integrity sha512-1n6FczX8n73Y/cLjTiMboeTGHfm/i2AWk2oQE7m9a/G5YTCZHCEHEGr32thhLm3iQNUYzTKVQUcYcNHtOLwqgQ==
  dependencies:
    readable-web-to-node-stream "^2.0.0"
    strtok3 "^6.0.0"
    token-types "^2.0.0"
    typedarray-to-buffer "^3.1.5"

hoek@6.x.x:
  version "6.1.3"
  resolved "https://registry.npmjs.org/hoek/-/hoek-6.1.3.tgz#73b7d33952e01fe27a38b0457294b79dd8da242c"
  integrity sha512-YXXAAhmF9zpQbC7LEcREFtXfGq5K1fmd+4PHkBq8NUqmzW3G+Dq10bI/i0KucLRwss3YYFQ0fSfoxBZYiGUqtQ==

ieee754@^1.1.13:
  version "1.1.13"
  resolved "https://registry.npmjs.org/ieee754/-/ieee754-1.1.13.tgz#ec168558e95aa181fd87d37f55c32bbcb6708b84"
  integrity sha512-4vf7I2LYV/HaWerSo3XmlMkp5eZ83i+/CDluXi/IGTs/O1sejBNhTtnxzmRZfvOUqj7lZjqHkeTvpgSFDlWZTg==

is-typedarray@^1.0.0:
  version "1.0.0"
  resolved "https://registry.npmjs.org/is-typedarray/-/is-typedarray-1.0.0.tgz#e479c80858df0c1b11ddda6940f96011fcda4a9a"
  integrity sha1-5HnICFjfDBsR3dppQPlgEfzaSpo=

isemail@3.x.x:
  version "3.2.0"
  resolved "https://registry.npmjs.org/isemail/-/isemail-3.2.0.tgz#59310a021931a9fb06bbb51e155ce0b3f236832c"
  integrity sha512-zKqkK+O+dGqevc93KNsbZ/TqTUFd46MwWjYOoMrjIMZ51eU7DtQG3Wmd9SQQT7i7RVnuTPEiYEWHU3MSbxC1Tg==
  dependencies:
    punycode "2.x.x"

joi@^14.3.1:
  version "14.3.1"
  resolved "https://registry.npmjs.org/joi/-/joi-14.3.1.tgz#164a262ec0b855466e0c35eea2a885ae8b6c703c"
  integrity sha512-LQDdM+pkOrpAn4Lp+neNIFV3axv1Vna3j38bisbQhETPMANYRbFJFUyOZcOClYvM/hppMhGWuKSFEK9vjrB+bQ==
  dependencies:
    hoek "6.x.x"
    isemail "3.x.x"
    topo "3.x.x"

make-error@^1.1.1:
  version "1.3.6"
  resolved "https://registry.npmjs.org/make-error/-/make-error-1.3.6.tgz#2eb2e37ea9b67c4891f684a1394799af484cf7a2"
  integrity sha512-s8UhlNe7vPKomQhC1qFelMokr/Sc3AgNbso3n74mVPA5LTZwkB9NlXf4XPamLxJE8h0gh73rM94xvwRT2CVInw==

ms@2.1.2:
  version "2.1.2"
  resolved "https://registry.yarnpkg.com/ms/-/ms-2.1.2.tgz#d09d1f357b443f493382a8eb3ccd183872ae6009"
  integrity sha512-sGkPx+VjMtmA6MX27oA4FBFELFCZZ4S4XqeGOXCv68tT+jb3vk/RyaKWP0PTKyWtmLSM0b+adUTEvbs1PEaH2w==

peek-readable@^3.1.0:
  version "3.1.0"
  resolved "https://registry.npmjs.org/peek-readable/-/peek-readable-3.1.0.tgz#250b08b7de09db8573d7fd8ea475215bbff14348"
  integrity sha512-KGuODSTV6hcgdZvDrIDBUkN0utcAVj1LL7FfGbM0viKTtCHmtZcuEJ+lGqsp0fTFkGqesdtemV2yUSMeyy3ddA==

punycode@2.x.x:
  version "2.1.1"
  resolved "https://registry.npmjs.org/punycode/-/punycode-2.1.1.tgz#b58b010ac40c22c5657616c8d2c2c02c7bf479ec"
  integrity sha512-XRsRjdf+j5ml+y/6GKHPZbrF/8p2Yga0JPtdqTIY2Xe5ohJPD9saDJJLPvp9+NSBprVvevdXZybnj2cv8OEd0A==

readable-web-to-node-stream@^2.0.0:
  version "2.0.0"
  resolved "https://registry.npmjs.org/readable-web-to-node-stream/-/readable-web-to-node-stream-2.0.0.tgz#751e632f466552ac0d5c440cc01470352f93c4b7"
  integrity sha512-+oZJurc4hXpaaqsN68GoZGQAQIA3qr09Or4fqEsargABnbe5Aau8hFn6ISVleT3cpY/0n/8drn7huyyEvTbghA==

source-map-support@^0.5.6:
  version "0.5.16"
  resolved "https://registry.npmjs.org/source-map-support/-/source-map-support-0.5.16.tgz#0ae069e7fe3ba7538c64c98515e35339eac5a042"
  integrity sha512-efyLRJDr68D9hBBNIPWFjhpFzURh+KJykQwvMyW5UiZzYwoF6l4YMMDIJJEyFWxWCqfyxLzz6tSfUFR+kXXsVQ==
  dependencies:
    buffer-from "^1.0.0"
    source-map "^0.6.0"

source-map@^0.6.0:
  version "0.6.1"
  resolved "https://registry.npmjs.org/source-map/-/source-map-0.6.1.tgz#74722af32e9614e9c287a8d0bbde48b5e2f1a263"
  integrity sha512-UjgapumWlbMhkBgzT7Ykc5YXUT46F0iKu8SGXq0bcwP5dz/h0Plj6enJqjz1Zbq2l5WaqYnrVbwWOWMyF3F47g==

strtok3@^6.0.0:
  version "6.0.0"
  resolved "https://registry.npmjs.org/strtok3/-/strtok3-6.0.0.tgz#d6b900863daeacfe6c1724c6e7bb36d7a58e83c8"
  integrity sha512-ZXlmE22LZnIBvEU3n/kZGdh770fYFie65u5+2hLK9s74DoFtpkQIdBZVeYEzlolpGa+52G5IkzjUWn+iXynOEQ==
  dependencies:
    "@tokenizer/token" "^0.1.1"
    "@types/debug" "^4.1.5"
    debug "^4.1.1"
    peek-readable "^3.1.0"

token-types@^2.0.0:
  version "2.0.0"
  resolved "https://registry.npmjs.org/token-types/-/token-types-2.0.0.tgz#b23618af744818299c6fbf125e0fdad98bab7e85"
  integrity sha512-WWvu8sGK8/ZmGusekZJJ5NM6rRVTTDO7/bahz4NGiSDb/XsmdYBn6a1N/bymUHuWYTWeuLUg98wUzvE4jPdCZw==
  dependencies:
    "@tokenizer/token" "^0.1.0"
    ieee754 "^1.1.13"

topo@3.x.x:
  version "3.0.3"
  resolved "https://registry.npmjs.org/topo/-/topo-3.0.3.tgz#d5a67fb2e69307ebeeb08402ec2a2a6f5f7ad95c"
  integrity sha512-IgpPtvD4kjrJ7CRA3ov2FhWQADwv+Tdqbsf1ZnPUSAtCJ9e1Z44MmoSGDXGk4IppoZA7jd/QRkNddlLJWlUZsQ==
  dependencies:
    hoek "6.x.x"

ts-node@^8.8.1:
  version "8.8.1"
  resolved "https://registry.npmjs.org/ts-node/-/ts-node-8.8.1.tgz#7c4d3e9ed33aa703b64b28d7f9d194768be5064d"
  integrity sha512-10DE9ONho06QORKAaCBpPiFCdW+tZJuY/84tyypGtl6r+/C7Asq0dhqbRZURuUlLQtZxxDvT8eoj8cGW0ha6Bg==
  dependencies:
    arg "^4.1.0"
    diff "^4.0.1"
    make-error "^1.1.1"
    source-map-support "^0.5.6"
    yn "3.1.1"

typedarray-to-buffer@^3.1.5:
  version "3.1.5"
  resolved "https://registry.npmjs.org/typedarray-to-buffer/-/typedarray-to-buffer-3.1.5.tgz#a97ee7a9ff42691b9f783ff1bc5112fe3fca9080"
  integrity sha512-zdu8XMNEDepKKR+XYOXAVPtWui0ly0NtohUscw+UmaHiAWT8hrV1rr//H6V+0DvJ3OQ19S979M0laLfX8rm82Q==
  dependencies:
    is-typedarray "^1.0.0"

typescript@^3.8.3:
  version "3.8.3"
  resolved "https://registry.npmjs.org/typescript/-/typescript-3.8.3.tgz#409eb8544ea0335711205869ec458ab109ee1061"
  integrity sha512-MYlEfn5VrLNsgudQTVJeNaQFUAI7DkhnOjdpAp4T+ku1TfQClewlbSuTVHiA+8skNBgaf02TL/kLOvig4y3G8w==

uWebSockets.js@uNetworking/uWebSockets.js#v17.3.0:
  version "17.3.0"
  resolved "https://codeload.github.com/uNetworking/uWebSockets.js/tar.gz/f54d0b45d1d9924d2562fd8f6f59cbca2bcbcc2c"

yn@3.1.1:
  version "3.1.1"
  resolved "https://registry.npmjs.org/yn/-/yn-3.1.1.tgz#1e87401a09d767c1d5eab26a6e4c185182d2eb50"
  integrity sha512-Ux4ygGWsu2c7isFWe8Yu1YluJmqVhxqK2cLXNQA5AcC3QfbGNpM7fu0Y8b/z16pXLnFxZYvWhd3fhBY9DLmC6Q==
